
Microsoft Visual Studio Solution File, Format Version 12.00
# Visual Studio Version 16
VisualStudioVersion = 16.0.31424.327
MinimumVisualStudioVersion = 10.0.40219.1
Project("{FAE04EC0-301F-11D3-BF4B-00C04F79EFBC}") = "ASP", "ASP.csproj", "{17AF528A-2F28-4FB1-BC69-5B6A98576CF3}"
EndProject
Global
	GlobalSection(SolutionConfigurationPlatforms) = preSolution
		Debug|Any CPU = Debug|Any CPU
		Release|Any CPU = Release|Any CPU
	EndGlobalSection
	GlobalSection(ProjectConfigurationPlatforms) = postSolution
		{17AF528A-2F28-4FB1-BC69-5B6A98576CF3}.Debug|Any CPU.ActiveCfg = Debug|Any CPU
		{17AF528A-2F28-4FB1-BC69-5B6A98576CF3}.Debug|Any CPU.Build.0 = Debug|Any CPU
		{17AF528A-2F28-4FB1-BC69-5B6A98576CF3}.Release|Any CPU.ActiveCfg = Release|Any CPU
		{17AF528A-2F28-4FB1-BC69-5B6A98576CF3}.Release|Any CPU.Build.0 = Release|Any CPU
	EndGlobalSection
	GlobalSection(SolutionProperties) = preSolution
		HideSolutionNode = FALSE
	EndGlobalSection
	GlobalSection(ExtensibilityGlobals) = postSolution
		SolutionGuid = {C362D1CA-219D-4D4C-8132-1374943135C4}
	EndGlobalSection
EndGlobal
